# THIS IS AN AUTOGENERATED FILE. DO NOT EDIT THIS FILE DIRECTLY.
# yarn lockfile v1


"@aws-sdk/client-dynamodb@^3.490.0":
  version "3.1097.0"
  resolved "https://registry.yarnpkg.com/@aws-sdk/client-dynamodb/-/client-dynamodb-3.1097.0.tgz#2cbda5c4c08b883a6785fe2fcfbcb3dcadd58d7e"
  integrity sha512-LSn51uzuJLkZkCI3JjjnXow81rV3vVxm6vdoPu0NYm7jW8CUJ0qKVivze/SOkmne6Li+a8375RzxNgJipmKbjA==
  dependencies:
    "@aws-sdk/core" "^3.977.2"
    "@aws-sdk/credential-provider-node" "^3.972.74"
    "@aws-sdk/dynamodb-codec" "^3.973.37"
    "@aws-sdk/middleware-endpoint-discovery" "^3.972.26"
    "@aws-sdk/types" "^3.974.2"
    "@smithy/core" "^3.29.8"
    "@smithy/fetch-http-handler" "^5.6.10"
    "@smithy/node-http-handler" "^4.9.10"
    "@smithy/types" "^4.16.1"
    tslib "^2.6.2"

"@aws-sdk/core@^3.977.2":
  version "3.977.2"
  resolved "https://registry.yarnpkg.com/@aws-sdk/core/-/core-3.977.2.tgz#fe723f77f5632f32c421c8a3b5c843ab92ef35bd"
  integrity sha512-8sT/M5vDcagx5/iM0Bfx7f6i3mfVOQkA34+GTMwp0lIWZb6ma+bjkzDS/r9yqU2yTPBqqMBFPT3+d9kUuuNDJA==
  dependencies:
    "@aws-sdk/types" "^3.974.2"
    "@aws-sdk/xml-builder" "^3.972.37"
    "@aws/lambda-invoke-store" "^0.3.0"
    "@smithy/core" "^3.29.8"
    "@smithy/signature-v4" "^5.6.9"
    "@smithy/types" "^4.16.1"
    bowser "^2.11.0"
    tslib "^2.6.2"

"@aws-sdk/credential-provider-env@^3.972.63":
  version "3.972.63"
  resolved "https://registry.yarnpkg.com/@aws-sdk/credential-provider-env/-/credential-provider-env-3.972.63.tgz#f65c3b3365e6d6675e927d8627056512b18bb137"
  integrity sha512-VSS9dftt7r7GiZ4gs8z0PNaMLVAaSj/MXVr6WQBtsrQQB9miJo7I6lQuJND1/ugFwK9x7OHCYZDkLSYh0FIZtA==
  dependencies:
    "@aws-sdk/core" "^3.977.2"
    "@aws-sdk/types" "^3.974.2"
    "@smithy/core" "^3.29.8"
    "@smithy/types" "^4.16.1"
    tslib "^2.6.2"

"@aws-sdk/credential-provider-http@^3.972.65":
  version "3.972.65"
  resolved "https://registry.yarnpkg.com/@aws-sdk/credential-provider-http/-/credential-provider-http-3.972.65.tgz#3f7ba0ca34c01b1628012941e3f9cbe3b62261cd"
  integrity sha512-SH/ec7p1J0CfC28+ypH38IwGENd7tQEvTpmuRSlinthiGxKlwzJbXGXxIMAhn0/lpxnIxudNmCsw3Cy0PDRoAg==
  dependencies:
    "@aws-sdk/core" "^3.977.2"
    "@aws-sdk/types" "^3.974.2"
    "@smithy/core" "^3.29.8"
    "@smithy/fetch-http-handler" "^5.6.10"
    "@smithy/node-http-handler" "^4.9.10"
    "@smithy/types" "^4.16.1"
    tslib "^2.6.2"

"@aws-sdk/credential-provider-ini@^3.973.8":
  version "3.973.8"
  resolved "https://registry.yarnpkg.com/@aws-sdk/credential-provider-ini/-/credential-provider-ini-3.973.8.tgz#5c504a37799db052d249a74254b2a28618c218ee"
  integrity sha512-alkQpDUHsjHGVXvlV0XFXpPfh9+aTMmN6UYRky0Qky8SbvdxoQdDHftT4uugq8XShP6WtDQW7bo5YQ0SfNSxRQ==
  dependencies:
    "@aws-sdk/core" "^3.977.2"
    "@aws-sdk/credential-provider-env" "^3.972.63"
    "@aws-sdk/credential-provider-http" "^3.972.65"
    "@aws-sdk/credential-provider-login" "^3.972.70"
    "@aws-sdk/credential-provider-process" "^3.972.63"
    "@aws-sdk/credential-provider-sso" "^3.973.7"
    "@aws-sdk/credential-provider-web-identity" "^3.972.69"
    "@aws-sdk/nested-clients" "^3.997.37"
    "@aws-sdk/types" "^3.974.2"
    "@smithy/core" "^3.29.8"
    "@smithy/credential-provider-imds" "^4.4.13"
    "@smithy/types" "^4.16.1"
    tslib "^2.6.2"

"@aws-sdk/credential-provider-login@^3.972.70":
  version "3.972.70"
  resolved "https://registry.yarnpkg.com/@aws-sdk/credential-provider-login/-/credential-provider-login-3.972.70.tgz#588979ced46f74b47735591d2459961fca2668ce"
  integrity sha512-JlUjK6bYJAxN9PkWWCI/TiOYEdvXNKq61x2DTaEKxRMxAOYNk2LX8m4wVtDFxTZwyXx7Tpmxb49dNprkW/uqXQ==
  dependencies:
    "@aws-sdk/core" "^3.977.2"
    "@aws-sdk/nested-clients" "^3.997.37"
    "@aws-sdk/types" "^3.974.2"
    "@smithy/core" "^3.29.8"
    "@smithy/types" "^4.16.1"
    tslib "^2.6.2"

"@aws-sdk/credential-provider-node@^3.972.74":
  version "3.972.74"
  resolved "https://registry.yarnpkg.com/@aws-sdk/credential-provider-node/-/credential-provider-node-3.972.74.tgz#8c76b710eeba22c6a66e808129a34774a45650a8"
  integrity sha512-V+7pzT0OzROL2uKcQ2+MpnfwKONvozYojmdn8RguAMX9o48gtSVvt+7aCkwWCH2thDXOnUPCN6qn4kiFDelZWA==
  dependencies:
    "@aws-sdk/credential-provider-env" "^3.972.63"
    "@aws-sdk/credential-provider-http" "^3.972.65"
    "@aws-sdk/credential-provider-ini" "^3.973.8"
    "@aws-sdk/credential-provider-process" "^3.972.63"
    "@aws-sdk/credential-provider-sso" "^3.973.7"
    "@aws-sdk/credential-provider-web-identity" "^3.972.69"
    "@aws-sdk/types" "^3.974.2"
    "@smithy/core" "^3.29.8"
    "@smithy/credential-provider-imds" "^4.4.13"
    "@smithy/types" "^4.16.1"
    tslib "^2.6.2"

"@aws-sdk/credential-provider-process@^3.972.63":
  version "3.972.63"
  resolved "https://registry.yarnpkg.com/@aws-sdk/credential-provider-process/-/credential-provider-process-3.972.63.tgz#8670635626f996ec43e5fe2e3ebb428e47924e30"
  integrity sha512-lPt2oGMcvP3uPhhxX5EquHrzBI/ZgJce+CHKcOGZl2ZQAXLLSxu7k/Cgo0HIktyi9dmDFljbOkj4XAnXD93YVQ==
  dependencies:
    "@aws-sdk/core" "^3.977.2"
    "@aws-sdk/types" "^3.974.2"
    "@smithy/core" "^3.29.8"
    "@smithy/types" "^4.16.1"
    tslib "^2.6.2"

"@aws-sdk/credential-provider-sso@^3.973.7":
  version "3.973.7"
  resolved "https://registry.yarnpkg.com/@aws-sdk/credential-provider-sso/-/credential-provider-sso-3.973.7.tgz#525e4fba21aa35d19446e2fbc62a742880a8162b"
  integrity sha512-FR2b+7QNXP/q+eslVzrCjGKvso8Lcr/B18BvFyD2iLNhq42XSo+wnh8FfX6mtqgaVsL1vuB27uGXuY+xUTa7pg==
  dependencies:
    "@aws-sdk/core" "^3.977.2"
    "@aws-sdk/nested-clients" "^3.997.37"
    "@aws-sdk/token-providers" "3.1097.0"
    "@aws-sdk/types" "^3.974.2"
    "@smithy/core" "^3.29.8"
    "@smithy/types" "^4.16.1"
    tslib "^2.6.2"

"@aws-sdk/credential-provider-web-identity@^3.972.69":
  version "3.972.69"
  resolved "https://registry.yarnpkg.com/@aws-sdk/credential-provider-web-identity/-/credential-provider-web-identity-3.972.69.tgz#7827dc8fe2893ce27ed484978d015ef4757689b7"
  integrity sha512-RWNTKGXRkzMJe8bgIAdlz9q0N97m7fThD9KOjBt2CSY+/xnIbrA1/Dnm/ZEz8ZeQ1Of5D+fLaPeoD3lGt6AU4Q==
  dependencies:
    "@aws-sdk/core" "^3.977.2"
    "@aws-sdk/nested-clients" "^3.997.37"
    "@aws-sdk/types" "^3.974.2"
    "@smithy/core" "^3.29.8"
    "@smithy/types" "^4.16.1"
    tslib "^2.6.2"

"@aws-sdk/dynamodb-codec@^3.973.37":
  version "3.973.37"
  resolved "https://registry.yarnpkg.com/@aws-sdk/dynamodb-codec/-/dynamodb-codec-3.973.37.tgz#290153da3cb48370f6e1b5ca38dd67d59b6a0b65"
  integrity sha512-NYaWEWv5owB3usPcaVBMcdXbqzBYf2QCf+wU3AP5MpOXRiMF7qE6O1RaCUZGYCM9Lv7jtvfqCrmgYiicshyYeA==
  dependencies:
    "@aws-sdk/core" "^3.977.2"
    "@smithy/core" "^3.29.8"
    "@smithy/types" "^4.16.1"
    tslib "^2.6.2"

"@aws-sdk/endpoint-cache@^3.972.9":
  version "3.972.9"
  resolved "https://registry.yarnpkg.com/@aws-sdk/endpoint-cache/-/endpoint-cache-3.972.9.tgz#fd0731a33ea7ff69be5fd647dd7fc75a5854371d"
  integrity sha512-LFvdgq8SriaskUcjpBMDE7J2c9RmuT5v3gU36/znV71EU5DKUis4FmGFjCMelKCCViFeVrQADBAlIiOYRhEx6Q==
  dependencies:
    mnemonist "0.38.3"
    tslib "^2.6.2"

"@aws-sdk/lib-dynamodb@^3.490.0":
  version "3.1097.0"
  resolved "https://registry.yarnpkg.com/@aws-sdk/lib-dynamodb/-/lib-dynamodb-3.1097.0.tgz#5e9e0b3c63866362cfee1e2b7a867edb1a115a82"
  integrity sha512-0YN/YH1m81vxDPpOXM+MUh/VptlGnNRcBSX6QA346m8DTXFP7TZjHdfqysm4BNqeKb6RSeNlv/AobFtwUrZc0A==
  dependencies:
    "@aws-sdk/core" "^3.977.2"
    "@aws-sdk/util-dynamodb" "^3.996.7"
    "@smithy/core" "^3.29.8"
    "@smithy/types" "^4.16.1"
    tslib "^2.6.2"

"@aws-sdk/middleware-endpoint-discovery@^3.972.26":
  version "3.972.26"
  resolved "https://registry.yarnpkg.com/@aws-sdk/middleware-endpoint-discovery/-/middleware-endpoint-discovery-3.972.26.tgz#1e251344676389c8a716852d31740a6ee79f06db"
  integrity sha512-suOMAYAM43aSyC3cLBvvJIuNyg96nUsPvYQUrq4G+8Prt2qTpFETgaiXX7JP1gIcK5FF0Z2IdyEsPXseZATOPw==
  dependencies:
    "@aws-sdk/endpoint-cache" "^3.972.9"
    "@aws-sdk/types" "^3.974.2"
    "@smithy/core" "^3.29.8"
    "@smithy/types" "^4.16.1"
    tslib "^2.6.2"

"@aws-sdk/nested-clients@^3.997.37":
  version "3.997.37"
  resolved "https://registry.yarnpkg.com/@aws-sdk/nested-clients/-/nested-clients-3.997.37.tgz#97b7be4ef969f705f8e797be713828f51e288312"
  integrity sha512-vfDmA6APjX1LWxvt6/zcAmTCgRXCj35M+bC9Ujmy40QxYs9Fa9bE7oblOB3ODZ4mdN9R5osU0hTzoJjJlQqqTg==
  dependencies:
    "@aws-sdk/core" "^3.977.2"
    "@aws-sdk/signature-v4-multi-region" "^3.996.42"
    "@aws-sdk/types" "^3.974.2"
    "@smithy/core" "^3.29.8"
    "@smithy/fetch-http-handler" "^5.6.10"
    "@smithy/node-http-handler" "^4.9.10"
    "@smithy/types" "^4.16.1"
    tslib "^2.6.2"

"@aws-sdk/signature-v4-multi-region@^3.996.42":
  version "3.996.42"
  resolved "https://registry.yarnpkg.com/@aws-sdk/signature-v4-multi-region/-/signature-v4-multi-region-3.996.42.tgz#855bbea16f0ddbbafd99106793f43bf1001b4e71"
  integrity sha512-DBV4naZP6HYBlAvPpoQzOP12Wvfou/5rN8yJPXjBTBylU5qwCbh/tXr2MddHoIjgoRkEl/eS+IljiUqvmwey1Q==
  dependencies:
    "@aws-sdk/types" "^3.974.2"
    "@smithy/signature-v4" "^5.6.9"
    "@smithy/types" "^4.16.1"
    tslib "^2.6.2"

"@aws-sdk/token-providers@3.1097.0":
  version "3.1097.0"
  resolved "https://registry.yarnpkg.com/@aws-sdk/token-providers/-/token-providers-3.1097.0.tgz#18529a4068f0f1403cf8f7b57002553096917c50"
  integrity sha512-EIsdmy/f5IGc5r01RjKWNvrbBra6z0xudQM0D6Wf8DeGuPoRlubkLqr7VgWijFucO4kg0mtev9H3RX/ZOubUhg==
  dependencies:
    "@aws-sdk/core" "^3.977.2"
    "@aws-sdk/nested-clients" "^3.997.37"
    "@aws-sdk/types" "^3.974.2"
    "@smithy/core" "^3.29.8"
    "@smithy/types" "^4.16.1"
    tslib "^2.6.2"

"@aws-sdk/types@^3.974.2":
  version "3.974.2"
  resolved "https://registry.yarnpkg.com/@aws-sdk/types/-/types-3.974.2.tgz#05e7ccac417735e0786d430d2d5cc139047a08da"
  integrity sha512-3W6IUtSxFbH6X7Wb7DzGCV5QiFQsd0g8bOfntpmDxQlzBoKWUMBu/JPQR0DwkE+Hpnxd6db1tXbOwdeHddG6cA==
  dependencies:
    "@smithy/types" "^4.16.1"
    tslib "^2.6.2"

"@aws-sdk/util-dynamodb@^3.996.7":
  version "3.996.7"
  resolved "https://registry.yarnpkg.com/@aws-sdk/util-dynamodb/-/util-dynamodb-3.996.7.tgz#0792a8989f402fb911e2bd020b01a5c328c18333"
  integrity sha512-v+WJASG9yaW8qNM7pNSgH1PBYz5mVTf7gzKPi0NqGjLlaCtPdk6EjM1lmv03egA07iXUw6OToGYfW2w8D3kBrg==
  dependencies:
    tslib "^2.6.2"

"@aws-sdk/xml-builder@^3.972.37":
  version "3.972.37"
  resolved "https://registry.yarnpkg.com/@aws-sdk/xml-builder/-/xml-builder-3.972.37.tgz#669363721702d46a500c6ea485a44591e511f280"
  integrity sha512-zKq4HQum8JwDyEuyfuI4bbiAcU0KxP6qy+9PR/IsR92IyE/DaBAikzAS50tjxip4bqIIANpCcG+Yyj6CVhXupg==
  dependencies:
    "@smithy/types" "^4.16.1"
    tslib "^2.6.2"

"@aws/lambda-invoke-store@^0.3.0":
  version "0.3.0"
  resolved "https://registry.yarnpkg.com/@aws/lambda-invoke-store/-/lambda-invoke-store-0.3.0.tgz#708802d987f8e17bdf4af4de1031660ce1cdd65f"
  integrity sha512-sl4Bm6yiMNYrZKkqqDFWN0UfnWhlS8ivKxrYl+6t0gCLrqr8y3B2IqZZbFRkfaVVp7C/baApyh71P+LeE1A2sQ==

"@smithy/core@^3.29.8", "@smithy/core@^3.31.0":
  version "3.31.0"
  resolved "https://registry.yarnpkg.com/@smithy/core/-/core-3.31.0.tgz#b35b5992ddeaa8044267cbb76e290181b4943160"
  integrity sha512-sylYk2l9d7CmRv8ts8p0SDQUr3VO+HMeS1nrjL6+UtbO8ktJHTOeQ1McX+aAyvGGccp5aZX9eNtdcXrSwzoZaw==
  dependencies:
    "@smithy/types" "^4.16.1"
    tslib "^2.6.2"

"@smithy/credential-provider-imds@^4.4.13":
  version "4.4.15"
  resolved "https://registry.yarnpkg.com/@smithy/credential-provider-imds/-/credential-provider-imds-4.4.15.tgz#405202db182c4a06a6cc9bfc0f281d059544e450"
  integrity sha512-xYVGrisQqTJWhOnScUhbx8s9H63TMtoxzuUoxG6mP8J+B/YbX3vZxVsgV0xDf43abJnJP0fjP7BkQh7OESwuRA==
  dependencies:
    "@smithy/core" "^3.31.0"
    "@smithy/types" "^4.16.1"
    tslib "^2.6.2"

"@smithy/fetch-http-handler@^5.6.10":
  version "5.6.12"
  resolved "https://registry.yarnpkg.com/@smithy/fetch-http-handler/-/fetch-http-handler-5.6.12.tgz#cedde1c9c3b01e0d2089480908c9ef952d273ebb"
  integrity sha512-OpQgP6IGH4j0NJ2zjfYZLjQL85ai+Wi/q51EmZJovXsEwKSvu89qiXUq77Q6EmwZ/hSl7fKpn2Z9mhiDN6OM+Q==
  dependencies:
    "@smithy/core" "^3.31.0"
    "@smithy/types" "^4.16.1"
    tslib "^2.6.2"

"@smithy/node-http-handler@^4.9.10":
  version "4.9.12"
  resolved "https://registry.yarnpkg.com/@smithy/node-http-handler/-/node-http-handler-4.9.12.tgz#da7ede54a652f47aa3ac771d178fc6424ad3ca77"
  integrity sha512-dWW5KRt4mnEvjNzbGqGeCuAvgum85Y9ZoyuMQqcTEfapndyVJ1k9BEHK7kdXJZ32enyRmmwcFjMwlB/KgLKI3Q==
  dependencies:
    "@smithy/core" "^3.31.0"
    "@smithy/types" "^4.16.1"
    tslib "^2.6.2"

"@smithy/signature-v4@^5.6.9":
  version "5.6.11"
  resolved "https://registry.yarnpkg.com/@smithy/signature-v4/-/signature-v4-5.6.11.tgz#1e71be9713615c603ebe25471ad75febaa9a12d7"
  integrity sha512-7HsspeiNCZvZHEJ22vV5L/QYuJdTyJvPJvMrYD3AgkM3IJB0pkln4jkjPvtpTWRMkHXbO8WKwNjoVdVlBFwHmw==
  dependencies:
    "@smithy/core" "^3.31.0"
    "@smithy/types" "^4.16.1"
    tslib "^2.6.2"

"@smithy/types@^4.16.1":
  version "4.16.1"
  resolved "https://registry.yarnpkg.com/@smithy/types/-/types-4.16.1.tgz#19e199c234829a51c085caf63f0bb17bb80187e4"
  integrity sha512-0JFs3V2y2M9tKW5na/qxe69Zv+uxLMO7QBbhxF/FHu/Gp2NFZAAL9tWl9PU02xxo07pb3G9FTyjNc6D5uZrJIg==
  dependencies:
    tslib "^2.6.2"

bowser@^2.11.0:
  version "2.14.1"
  resolved "https://registry.yarnpkg.com/bowser/-/bowser-2.14.1.tgz#4ea39bf31e305184522d7ad7bfd91389e4f0cb79"
  integrity sha512-tzPjzCxygAKWFOJP011oxFHs57HzIhOEracIgAePE4pqB3LikALKnSzUyU4MGs9/iCEUuHlAJTjTc5M+u7YEGg==

mnemonist@0.38.3:
  version "0.38.3"
  resolved "https://registry.yarnpkg.com/mnemonist/-/mnemonist-0.38.3.tgz#35ec79c1c1f4357cfda2fe264659c2775ccd7d9d"
  integrity sha512-2K9QYubXx/NAjv4VLq1d1Ly8pWNC5L3BrixtdkyTegXWJIqY+zLNDhhX/A+ZwWt70tB1S8H4BE8FLYEFyNoOBw==
  dependencies:
    obliterator "^1.6.1"

obliterator@^1.6.1:
  version "1.6.1"
  resolved "https://registry.yarnpkg.com/obliterator/-/obliterator-1.6.1.tgz#dea03e8ab821f6c4d96a299e17aef6a3af994ef3"
  integrity sha512-9WXswnqINnnhOG/5SLimUlzuU1hFJUc8zkwyD59Sd+dPOMf05PmnYG/d6Q7HZ+KmgkZJa1PxRso6QdM3sTNHig==

tslib@^2.6.2:
  version "2.8.1"
  resolved "https://registry.yarnpkg.com/tslib/-/tslib-2.8.1.tgz#612efe4ed235d567e8aba5f2a5fab70280ade83f"
  integrity sha512-oJFu94HQb+KVduSUQL7wnpmqnfmLsOA/nAh6b6EH0wCEoK0/mPeXU6c3wKDV83MkOuHPRHtSXKKU99IBazS/2w==
